
Microsoft Visual Studio Solution File, Format Version 12.00
# Visual Studio Version 17
VisualStudioVersion = 17.5.002.0
MinimumVisualStudioVersion = 10.0.40219.1
Project("{9A19103F-16F7-4668-BE54-9A1E7A4F7556}") = "myConsoleApp", "myConsoleApp.csproj", "{E88F3225-149C-480D-8B65-84901F73F06E}"
EndProject
Project("{2150E333-8FDC-42A3-9474-1A3956D46DE8}") = "bin", "bin", "{EA610956-8877-4C5D-8546-7F1871880753}"
EndProject
Project("{2150E333-8FDC-42A3-9474-1A3956D46DE8}") = "Release", "Release", "{0078F2C4-DA3F-4AF5-AB51-FC818CE6B83E}"
EndProject
Project("{2150E333-8FDC-42A3-9474-1A3956D46DE8}") = "net7.0", "net7.0", "{20E3FCA1-0DA0-45D1-B1CB-5515AE965358}"
EndProject
Project("{9A19103F-16F7-4668-BE54-9A1E7A4F7556}") = "BenchmarkDotNet.Autogenerated", "bin\Release\net7.0\87006f40-ee66-4062-bf91-9fa3fcf284a9\BenchmarkDotNet.Autogenerated.csproj", "{5701518A-0104-46FA-8356-3B33792E8198}"
EndProject
Project("{9A19103F-16F7-4668-BE54-9A1E7A4F7556}") = "BenchmarkDotNet.Autogenerated (1)", "bin\Release\net7.0\e64f50f5-2df1-467d-8e95-471f713a5134\BenchmarkDotNet.Autogenerated.csproj", "{99CF51D9-A8CE-4628-8260-4977F9291718}"
EndProject
Project("{9A19103F-16F7-4668-BE54-9A1E7A4F7556}") = "BenchmarkDotNet.Autogenerated (2)", "bin\Release\net7.0\ea77e188-1802-4ef8-85c3-ff489202dfef\BenchmarkDotNet.Autogenerated.csproj", "{DF21D804-7132-4917-B800-88741230CFCA}"
EndProject
Global
	GlobalSection(SolutionConfigurationPlatforms) = preSolution
		Debug|Any CPU = Debug|Any CPU
		Release|Any CPU = Release|Any CPU
	EndGlobalSection
	GlobalSection(ProjectConfigurationPlatforms) = postSolution
		{E88F3225-149C-480D-8B65-84901F73F06E}.Debug|Any CPU.ActiveCfg = Debug|Any CPU
		{E88F3225-149C-480D-8B65-84901F73F06E}.Debug|Any CPU.Build.0 = Debug|Any CPU
		{E88F3225-149C-480D-8B65-84901F73F06E}.Release|Any CPU.ActiveCfg = Release|Any CPU
		{E88F3225-149C-480D-8B65-84901F73F06E}.Release|Any CPU.Build.0 = Release|Any CPU
		{5701518A-0104-46FA-8356-3B33792E8198}.Debug|Any CPU.ActiveCfg = Debug|Any CPU
		{5701518A-0104-46FA-8356-3B33792E8198}.Debug|Any CPU.Build.0 = Debug|Any CPU
		{5701518A-0104-46FA-8356-3B33792E8198}.Release|Any CPU.ActiveCfg = Release|Any CPU
		{5701518A-0104-46FA-8356-3B33792E8198}.Release|Any CPU.Build.0 = Release|Any CPU
		{99CF51D9-A8CE-4628-8260-4977F9291718}.Debug|Any CPU.ActiveCfg = Debug|Any CPU
		{99CF51D9-A8CE-4628-8260-4977F9291718}.Debug|Any CPU.Build.0 = Debug|Any CPU
		{99CF51D9-A8CE-4628-8260-4977F9291718}.Release|Any CPU.ActiveCfg = Release|Any CPU
		{99CF51D9-A8CE-4628-8260-4977F9291718}.Release|Any CPU.Build.0 = Release|Any CPU
		{DF21D804-7132-4917-B800-88741230CFCA}.Debug|Any CPU.ActiveCfg = Debug|Any CPU
		{DF21D804-7132-4917-B800-88741230CFCA}.Debug|Any CPU.Build.0 = Debug|Any CPU
		{DF21D804-7132-4917-B800-88741230CFCA}.Release|Any CPU.ActiveCfg = Release|Any CPU
		{DF21D804-7132-4917-B800-88741230CFCA}.Release|Any CPU.Build.0 = Release|Any CPU
	EndGlobalSection
	GlobalSection(SolutionProperties) = preSolution
		HideSolutionNode = FALSE
	EndGlobalSection
	GlobalSection(NestedProjects) = preSolution
		{0078F2C4-DA3F-4AF5-AB51-FC818CE6B83E} = {EA610956-8877-4C5D-8546-7F1871880753}
		{20E3FCA1-0DA0-45D1-B1CB-5515AE965358} = {0078F2C4-DA3F-4AF5-AB51-FC818CE6B83E}
		{5701518A-0104-46FA-8356-3B33792E8198} = {20E3FCA1-0DA0-45D1-B1CB-5515AE965358}
		{99CF51D9-A8CE-4628-8260-4977F9291718} = {20E3FCA1-0DA0-45D1-B1CB-5515AE965358}
		{DF21D804-7132-4917-B800-88741230CFCA} = {20E3FCA1-0DA0-45D1-B1CB-5515AE965358}
	EndGlobalSection
	GlobalSection(ExtensibilityGlobals) = postSolution
		SolutionGuid = {433D1AD3-5686-43EF-BC6B-3D12B7B54666}
	EndGlobalSection
EndGlobal
